
Microsoft Visual Studio Solution File, Format Version 12.00
# Visual Studio 15
VisualStudioVersion = 15.0.28307.1082
MinimumVisualStudioVersion = 10.0.40219.1
Project("{8BC9CEB8-8B4A-11D0-8D11-00A0C91BC942}") = "ControlStructutres", "ControlStructutres\ControlStructutres.vcxproj", "{2BDD1226-3709-42BB-A013-C2F861910448}"
EndProject
Project("{8BC9CEB8-8B4A-11D0-8D11-00A0C91BC942}") = "Shooter", "Shooter\Shooter.vcxproj", "{5DBD1107-643D-4BF2-991D-709428923A63}"
EndProject
Project("{8BC9CEB8-8B4A-11D0-8D11-00A0C91BC942}") = "FOR", "FOR\FOR.vcxproj", "{DE1A6679-9E7F-4528-94C7-014ADB840763}"
EndProject
Project("{8BC9CEB8-8B4A-11D0-8D11-00A0C91BC942}") = "HomeWork", "HomeWork\HomeWork.vcxproj", "{9D854228-ED30-4B75-9946-DD05D186F77B}"
EndProject
Project("{8BC9CEB8-8B4A-11D0-8D11-00A0C91BC942}") = "Geometry", "Geometry\Geometry.vcxproj", "{EBE30E27-FB18-44EF-B7DA-87E479E5B260}"
EndProject
Global
	GlobalSection(SolutionConfigurationPlatforms) = preSolution
		Debug|x64 = Debug|x64
		Debug|x86 = Debug|x86
		Release|x64 = Release|x64
		Release|x86 = Release|x86
	EndGlobalSection
	GlobalSection(ProjectConfigurationPlatforms) = postSolution
		{2BDD1226-3709-42BB-A013-C2F861910448}.Debug|x64.ActiveCfg = Debug|x64
		{2BDD1226-3709-42BB-A013-C2F861910448}.Debug|x64.Build.0 = Debug|x64
		{2BDD1226-3709-42BB-A013-C2F861910448}.Debug|x86.ActiveCfg = Debug|Win32
		{2BDD1226-3709-42BB-A013-C2F861910448}.Debug|x86.Build.0 = Debug|Win32
		{2BDD1226-3709-42BB-A013-C2F861910448}.Release|x64.ActiveCfg = Release|x64
		{2BDD1226-3709-42BB-A013-C2F861910448}.Release|x64.Build.0 = Release|x64
		{2BDD1226-3709-42BB-A013-C2F861910448}.Release|x86.ActiveCfg = Release|Win32
		{2BDD1226-3709-42BB-A013-C2F861910448}.Release|x86.Build.0 = Release|Win32
		{5DBD1107-643D-4BF2-991D-709428923A63}.Debug|x64.ActiveCfg = Debug|x64
		{5DBD1107-643D-4BF2-991D-709428923A63}.Debug|x64.Build.0 = Debug|x64
		{5DBD1107-643D-4BF2-991D-709428923A63}.Debug|x86.ActiveCfg = Debug|Win32
		{5DBD1107-643D-4BF2-991D-709428923A63}.Debug|x86.Build.0 = Debug|Win32
		{5DBD1107-643D-4BF2-991D-709428923A63}.Release|x64.ActiveCfg = Release|x64
		{5DBD1107-643D-4BF2-991D-709428923A63}.Release|x64.Build.0 = Release|x64
		{5DBD1107-643D-4BF2-991D-709428923A63}.Release|x86.ActiveCfg = Release|Win32
		{5DBD1107-643D-4BF2-991D-709428923A63}.Release|x86.Build.0 = Release|Win32
		{DE1A6679-9E7F-4528-94C7-014ADB840763}.Debug|x64.ActiveCfg = Debug|x64
		{DE1A6679-9E7F-4528-94C7-014ADB840763}.Debug|x64.Build.0 = Debug|x64
		{DE1A6679-9E7F-4528-94C7-014ADB840763}.Debug|x86.ActiveCfg = Debug|Win32
		{DE1A6679-9E7F-4528-94C7-014ADB840763}.Debug|x86.Build.0 = Debug|Win32
		{DE1A6679-9E7F-4528-94C7-014ADB840763}.Release|x64.ActiveCfg = Release|x64
		{DE1A6679-9E7F-4528-94C7-014ADB840763}.Release|x64.Build.0 = Release|x64
		{DE1A6679-9E7F-4528-94C7-014ADB840763}.Release|x86.ActiveCfg = Release|Win32
		{DE1A6679-9E7F-4528-94C7-014ADB840763}.Release|x86.Build.0 = Release|Win32
		{9D854228-ED30-4B75-9946-DD05D186F77B}.Debug|x64.ActiveCfg = Debug|x64
		{9D854228-ED30-4B75-9946-DD05D186F77B}.Debug|x64.Build.0 = Debug|x64
		{9D854228-ED30-4B75-9946-DD05D186F77B}.Debug|x86.ActiveCfg = Debug|Win32
		{9D854228-ED30-4B75-9946-DD05D186F77B}.Debug|x86.Build.0 = Debug|Win32
		{9D854228-ED30-4B75-9946-DD05D186F77B}.Release|x64.ActiveCfg = Release|x64
		{9D854228-ED30-4B75-9946-DD05D186F77B}.Release|x64.Build.0 = Release|x64
		{9D854228-ED30-4B75-9946-DD05D186F77B}.Release|x86.ActiveCfg = Release|Win32
		{9D854228-ED30-4B75-9946-DD05D186F77B}.Release|x86.Build.0 = Release|Win32
		{EBE30E27-FB18-44EF-B7DA-87E479E5B260}.Debug|x64.ActiveCfg = Debug|x64
		{EBE30E27-FB18-44EF-B7DA-87E479E5B260}.Debug|x64.Build.0 = Debug|x64
		{EBE30E27-FB18-44EF-B7DA-87E479E5B260}.Debug|x86.ActiveCfg = Debug|Win32
		{EBE30E27-FB18-44EF-B7DA-87E479E5B260}.Debug|x86.Build.0 = Debug|Win32
		{EBE30E27-FB18-44EF-B7DA-87E479E5B260}.Release|x64.ActiveCfg = Release|x64
		{EBE30E27-FB18-44EF-B7DA-87E479E5B260}.Release|x64.Build.0 = Release|x64
		{EBE30E27-FB18-44EF-B7DA-87E479E5B260}.Release|x86.ActiveCfg = Release|Win32
		{EBE30E27-FB18-44EF-B7DA-87E479E5B260}.Release|x86.Build.0 = Release|Win32
	EndGlobalSection
	GlobalSection(SolutionProperties) = preSolution
		HideSolutionNode = FALSE
	EndGlobalSection
	GlobalSection(ExtensibilityGlobals) = postSolution
		SolutionGuid = {4BB0EA70-346B-45DE-90AC-F2BAC2ACAC09}
	EndGlobalSection
EndGlobal
