
Microsoft Visual Studio Solution File, Format Version 12.00
# Visual Studio 15
VisualStudioVersion = 15.0.28307.1082
MinimumVisualStudioVersion = 10.0.40219.1
Project("{8BC9CEB8-8B4A-11D0-8D11-00A0C91BC942}") = "DataTypes", "DataTypes\DataTypes.vcxproj", "{FB88BCD5-0D3E-4E87-8B07-24F8C0EE1F8B}"
EndProject
Project("{8BC9CEB8-8B4A-11D0-8D11-00A0C91BC942}") = "Elochka", "Elochka\Elochka.vcxproj", "{4A8E8746-7AFA-4E52-965C-20476FAEFF98}"
EndProject
Project("{8BC9CEB8-8B4A-11D0-8D11-00A0C91BC942}") = "Operators", "Operators\Operators.vcxproj", "{5B2F4194-52F6-4A41-B359-764894DC0D2B}"
EndProject
Project("{8BC9CEB8-8B4A-11D0-8D11-00A0C91BC942}") = "HomeWork", "HomeWork\HomeWork.vcxproj", "{2C1AFD03-9B5D-45A7-B146-E8BD2C884779}"
EndProject
Global
	GlobalSection(SolutionConfigurationPlatforms) = preSolution
		Debug|x64 = Debug|x64
		Debug|x86 = Debug|x86
		Release|x64 = Release|x64
		Release|x86 = Release|x86
	EndGlobalSection
	GlobalSection(ProjectConfigurationPlatforms) = postSolution
		{FB88BCD5-0D3E-4E87-8B07-24F8C0EE1F8B}.Debug|x64.ActiveCfg = Debug|x64
		{FB88BCD5-0D3E-4E87-8B07-24F8C0EE1F8B}.Debug|x64.Build.0 = Debug|x64
		{FB88BCD5-0D3E-4E87-8B07-24F8C0EE1F8B}.Debug|x86.ActiveCfg = Debug|Win32
		{FB88BCD5-0D3E-4E87-8B07-24F8C0EE1F8B}.Debug|x86.Build.0 = Debug|Win32
		{FB88BCD5-0D3E-4E87-8B07-24F8C0EE1F8B}.Release|x64.ActiveCfg = Release|x64
		{FB88BCD5-0D3E-4E87-8B07-24F8C0EE1F8B}.Release|x64.Build.0 = Release|x64
		{FB88BCD5-0D3E-4E87-8B07-24F8C0EE1F8B}.Release|x86.ActiveCfg = Release|Win32
		{FB88BCD5-0D3E-4E87-8B07-24F8C0EE1F8B}.Release|x86.Build.0 = Release|Win32
		{4A8E8746-7AFA-4E52-965C-20476FAEFF98}.Debug|x64.ActiveCfg = Debug|x64
		{4A8E8746-7AFA-4E52-965C-20476FAEFF98}.Debug|x64.Build.0 = Debug|x64
		{4A8E8746-7AFA-4E52-965C-20476FAEFF98}.Debug|x86.ActiveCfg = Debug|Win32
		{4A8E8746-7AFA-4E52-965C-20476FAEFF98}.Debug|x86.Build.0 = Debug|Win32
		{4A8E8746-7AFA-4E52-965C-20476FAEFF98}.Release|x64.ActiveCfg = Release|x64
		{4A8E8746-7AFA-4E52-965C-20476FAEFF98}.Release|x64.Build.0 = Release|x64
		{4A8E8746-7AFA-4E52-965C-20476FAEFF98}.Release|x86.ActiveCfg = Release|Win32
		{4A8E8746-7AFA-4E52-965C-20476FAEFF98}.Release|x86.Build.0 = Release|Win32
		{5B2F4194-52F6-4A41-B359-764894DC0D2B}.Debug|x64.ActiveCfg = Debug|x64
		{5B2F4194-52F6-4A41-B359-764894DC0D2B}.Debug|x64.Build.0 = Debug|x64
		{5B2F4194-52F6-4A41-B359-764894DC0D2B}.Debug|x86.ActiveCfg = Debug|Win32
		{5B2F4194-52F6-4A41-B359-764894DC0D2B}.Debug|x86.Build.0 = Debug|Win32
		{5B2F4194-52F6-4A41-B359-764894DC0D2B}.Release|x64.ActiveCfg = Release|x64
		{5B2F4194-52F6-4A41-B359-764894DC0D2B}.Release|x64.Build.0 = Release|x64
		{5B2F4194-52F6-4A41-B359-764894DC0D2B}.Release|x86.ActiveCfg = Release|Win32
		{5B2F4194-52F6-4A41-B359-764894DC0D2B}.Release|x86.Build.0 = Release|Win32
		{2C1AFD03-9B5D-45A7-B146-E8BD2C884779}.Debug|x64.ActiveCfg = Debug|x64
		{2C1AFD03-9B5D-45A7-B146-E8BD2C884779}.Debug|x64.Build.0 = Debug|x64
		{2C1AFD03-9B5D-45A7-B146-E8BD2C884779}.Debug|x86.ActiveCfg = Debug|Win32
		{2C1AFD03-9B5D-45A7-B146-E8BD2C884779}.Debug|x86.Build.0 = Debug|Win32
		{2C1AFD03-9B5D-45A7-B146-E8BD2C884779}.Release|x64.ActiveCfg = Release|x64
		{2C1AFD03-9B5D-45A7-B146-E8BD2C884779}.Release|x64.Build.0 = Release|x64
		{2C1AFD03-9B5D-45A7-B146-E8BD2C884779}.Release|x86.ActiveCfg = Release|Win32
		{2C1AFD03-9B5D-45A7-B146-E8BD2C884779}.Release|x86.Build.0 = Release|Win32
	EndGlobalSection
	GlobalSection(SolutionProperties) = preSolution
		HideSolutionNode = FALSE
	EndGlobalSection
	GlobalSection(ExtensibilityGlobals) = postSolution
		SolutionGuid = {46B3E634-AEBF-4A6A-BA21-51012C6F55DE}
	EndGlobalSection
EndGlobal
